
Microsoft Visual Studio Solution File, Format Version 12.00
# Visual Studio Version 16
VisualStudioVersion = 16.0.30225.117
MinimumVisualStudioVersion = 10.0.40219.1
Project("{8BC9CEB8-8B4A-11D0-8D11-00A0C91BC942}") = "과제 5주차 1번째 문자열 문제 1번", "과제 5주차 1번째 문자열 문제 1번\과제 5주차 1번째 문자열 문제 1번.vcxproj", "{C5992878-3ADA-43ED-926E-6AB8D6481453}"
EndProject
Global
	GlobalSection(SolutionConfigurationPlatforms) = preSolution
		Debug|x64 = Debug|x64
		Debug|x86 = Debug|x86
		Release|x64 = Release|x64
		Release|x86 = Release|x86
	EndGlobalSection
	GlobalSection(ProjectConfigurationPlatforms) = postSolution
		{C5992878-3ADA-43ED-926E-6AB8D6481453}.Debug|x64.ActiveCfg = Debug|x64
		{C5992878-3ADA-43ED-926E-6AB8D6481453}.Debug|x64.Build.0 = Debug|x64
		{C5992878-3ADA-43ED-926E-6AB8D6481453}.Debug|x86.ActiveCfg = Debug|Win32
		{C5992878-3ADA-43ED-926E-6AB8D6481453}.Debug|x86.Build.0 = Debug|Win32
		{C5992878-3ADA-43ED-926E-6AB8D6481453}.Release|x64.ActiveCfg = Release|x64
		{C5992878-3ADA-43ED-926E-6AB8D6481453}.Release|x64.Build.0 = Release|x64
		{C5992878-3ADA-43ED-926E-6AB8D6481453}.Release|x86.ActiveCfg = Release|Win32
		{C5992878-3ADA-43ED-926E-6AB8D6481453}.Release|x86.Build.0 = Release|Win32
	EndGlobalSection
	GlobalSection(SolutionProperties) = preSolution
		HideSolutionNode = FALSE
	EndGlobalSection
	GlobalSection(ExtensibilityGlobals) = postSolution
		SolutionGuid = {49BB18FF-AD83-41C2-9B74-BCCE55D26D4B}
	EndGlobalSection
EndGlobal
